
Microsoft Visual Studio Solution File, Format Version 12.00
# Visual Studio Version 17
VisualStudioVersion = 17.3.32901.215
MinimumVisualStudioVersion = 10.0.40219.1
Project("{FAE04EC0-301F-11D3-BF4B-00C04F79EFBC}") = "csharp-biblioteca", "csharp-biblioteca.csproj", "{744D2A5A-A23D-404A-A390-9144C1918A08}"
EndProject
Global
	GlobalSection(SolutionConfigurationPlatforms) = preSolution
		Debug|Any CPU = Debug|Any CPU
		Release|Any CPU = Release|Any CPU
	EndGlobalSection
	GlobalSection(ProjectConfigurationPlatforms) = postSolution
		{744D2A5A-A23D-404A-A390-9144C1918A08}.Debug|Any CPU.ActiveCfg = Debug|Any CPU
		{744D2A5A-A23D-404A-A390-9144C1918A08}.Debug|Any CPU.Build.0 = Debug|Any CPU
		{744D2A5A-A23D-404A-A390-9144C1918A08}.Release|Any CPU.ActiveCfg = Release|Any CPU
		{744D2A5A-A23D-404A-A390-9144C1918A08}.Release|Any CPU.Build.0 = Release|Any CPU
	EndGlobalSection
	GlobalSection(SolutionProperties) = preSolution
		HideSolutionNode = FALSE
	EndGlobalSection
	GlobalSection(ExtensibilityGlobals) = postSolution
		SolutionGuid = {483A5B0B-3AAE-437A-86B8-278C60D4D6DC}
	EndGlobalSection
EndGlobal
